
Microsoft Visual Studio Solution File, Format Version 12.00
# Visual Studio Version 17
VisualStudioVersion = 17.5.33516.290
MinimumVisualStudioVersion = 10.0.40219.1
Project("{FAE04EC0-301F-11D3-BF4B-00C04F79EFBC}") = "ControleDeTarefas", "ControleDeTarefas\ControleDeTarefas.csproj", "{6DB8BD09-699D-47D1-9527-0A7187035CEA}"
EndProject
Global
	GlobalSection(SolutionConfigurationPlatforms) = preSolution
		Debug|Any CPU = Debug|Any CPU
		Release|Any CPU = Release|Any CPU
	EndGlobalSection
	GlobalSection(ProjectConfigurationPlatforms) = postSolution
		{6DB8BD09-699D-47D1-9527-0A7187035CEA}.Debug|Any CPU.ActiveCfg = Debug|Any CPU
		{6DB8BD09-699D-47D1-9527-0A7187035CEA}.Debug|Any CPU.Build.0 = Debug|Any CPU
		{6DB8BD09-699D-47D1-9527-0A7187035CEA}.Release|Any CPU.ActiveCfg = Release|Any CPU
		{6DB8BD09-699D-47D1-9527-0A7187035CEA}.Release|Any CPU.Build.0 = Release|Any CPU
	EndGlobalSection
	GlobalSection(SolutionProperties) = preSolution
		HideSolutionNode = FALSE
	EndGlobalSection
	GlobalSection(ExtensibilityGlobals) = postSolution
		SolutionGuid = {C64370D0-A04B-4C83-AF86-7D503F928298}
	EndGlobalSection
EndGlobal
